
Microsoft Visual Studio Solution File, Format Version 12.00
# Visual Studio Version 17
VisualStudioVersion = 17.1.32210.238
MinimumVisualStudioVersion = 10.0.40219.1
Project("{8BC9CEB8-8B4A-11D0-8D11-00A0C91BC942}") = "VS project", "VS project\VS project.vcxproj", "{582BC63E-989A-43D6-9CCC-F1A74FDB7AD7}"
EndProject
Global
	GlobalSection(SolutionConfigurationPlatforms) = preSolution
		Debug|x64 = Debug|x64
		Debug|x86 = Debug|x86
		Release|x64 = Release|x64
		Release|x86 = Release|x86
	EndGlobalSection
	GlobalSection(ProjectConfigurationPlatforms) = postSolution
		{582BC63E-989A-43D6-9CCC-F1A74FDB7AD7}.Debug|x64.ActiveCfg = Debug|x64
		{582BC63E-989A-43D6-9CCC-F1A74FDB7AD7}.Debug|x64.Build.0 = Debug|x64
		{582BC63E-989A-43D6-9CCC-F1A74FDB7AD7}.Debug|x86.ActiveCfg = Debug|Win32
		{582BC63E-989A-43D6-9CCC-F1A74FDB7AD7}.Debug|x86.Build.0 = Debug|Win32
		{582BC63E-989A-43D6-9CCC-F1A74FDB7AD7}.Release|x64.ActiveCfg = Release|x64
		{582BC63E-989A-43D6-9CCC-F1A74FDB7AD7}.Release|x64.Build.0 = Release|x64
		{582BC63E-989A-43D6-9CCC-F1A74FDB7AD7}.Release|x86.ActiveCfg = Release|Win32
		{582BC63E-989A-43D6-9CCC-F1A74FDB7AD7}.Release|x86.Build.0 = Release|Win32
	EndGlobalSection
	GlobalSection(SolutionProperties) = preSolution
		HideSolutionNode = FALSE
	EndGlobalSection
	GlobalSection(ExtensibilityGlobals) = postSolution
		SolutionGuid = {0AD5C0C0-5C20-4817-A1FA-F06341D34532}
	EndGlobalSection
EndGlobal
